Microsoft Visual Studio Solution File, Format Version 12.00
# Visual Studio Version 17
VisualStudioVersion = 17.7.34024.191
MinimumVisualStudioVersion = 10.0.40219.1
Project("{8BC9CEB8-8B4A-11D0-8D11-00A0C91BC942}") = "Framework Unified Loader", "FUL\FUL.vcxproj", "{0E5F143E-CB58-49B0-B7EB-335BABFCED02}"
EndProject
Global
	GlobalSection(SolutionConfigurationPlatforms) = preSolution
		Debug|x64 = Debug|x64
		Release|x64 = Release|x64
		Secure|x64 = Secure|x64
	EndGlobalSection
	GlobalSection(ProjectConfigurationPlatforms) = postSolution
		{0E5F143E-CB58-49B0-B7EB-335BABFCED02}.Debug|x64.ActiveCfg = Debug|x64
		{0E5F143E-CB58-49B0-B7EB-335BABFCED02}.Debug|x64.Build.0 = Debug|x64
		{0E5F143E-CB58-49B0-B7EB-335BABFCED02}.Release|x64.ActiveCfg = Release|x64
		{0E5F143E-CB58-49B0-B7EB-335BABFCED02}.Release|x64.Build.0 = Release|x64
		{0E5F143E-CB58-49B0-B7EB-335BABFCED02}.Secure|x64.ActiveCfg = Secure|x64
		{0E5F143E-CB58-49B0-B7EB-335BABFCED02}.Secure|x64.Build.0 = Secure|x64
	EndGlobalSection
	GlobalSection(SolutionProperties) = preSolution
		HideSolutionNode = FALSE
	EndGlobalSection
	GlobalSection(ExtensibilityGlobals) = postSolution
		SolutionGuid = {11C77FE1-F675-40E4-83BF-DCA3A519979C}
	EndGlobalSection
EndGlobal